
Microsoft Visual Studio Solution File, Format Version 12.00
# Visual Studio 15
VisualStudioVersion = 15.0.26228.9
MinimumVisualStudioVersion = 10.0.40219.1
Project("{2150E333-8FDC-42A3-9474-1A3956D46DE8}") = "src", "src", "{AFAA0841-BD93-466F-B8F4-FB4EEC86F1FC}"
EndProject
Project("{2150E333-8FDC-42A3-9474-1A3956D46DE8}") = "test", "test", "{F10AA149-2626-486E-85BB-9CD5365F3016}"
EndProject
Project("{9A19103F-16F7-4668-BE54-9A1E7A4F7556}") = "SMIC.Core", "src\SMIC.Core\SMIC.Core.csproj", "{0FA75A5B-AB83-4FD0-B545-279774C01E87}"
EndProject
Project("{9A19103F-16F7-4668-BE54-9A1E7A4F7556}") = "SMIC.Application", "src\SMIC.Application\SMIC.Application.csproj", "{3870C648-4AEA-4B85-BA3F-F2F63B96136A}"
EndProject
Project("{9A19103F-16F7-4668-BE54-9A1E7A4F7556}") = "SMIC.Tests", "test\SMIC.Tests\SMIC.Tests.csproj", "{0D4C5D00-C144-4213-A007-4B8944113AB1}"
EndProject
Project("{9A19103F-16F7-4668-BE54-9A1E7A4F7556}") = "SMIC.Migrator", "src\SMIC.Migrator\SMIC.Migrator.csproj", "{880B3591-E057-46FE-B525-10BD83828B93}"
EndProject
Project("{9A19103F-16F7-4668-BE54-9A1E7A4F7556}") = "SMIC.Web.Host", "src\SMIC.Web.Host\SMIC.Web.Host.csproj", "{38E184BD-E874-4633-A947-AED4FDB73F40}"
EndProject
Project("{9A19103F-16F7-4668-BE54-9A1E7A4F7556}") = "SMIC.Web.Core", "src\SMIC.Web.Core\SMIC.Web.Core.csproj", "{22CFE0D2-8DCA-42D7-AD7D-784C3862493F}"
EndProject
Project("{9A19103F-16F7-4668-BE54-9A1E7A4F7556}") = "SMIC.EntityFrameworkCore", "src\SMIC.EntityFrameworkCore\SMIC.EntityFrameworkCore.csproj", "{E0580562-F8F2-4EBB-B07A-ABFC6F2C314F}"
EndProject
Project("{2150E333-8FDC-42A3-9474-1A3956D46DE8}") = "Solution Items", "Solution Items", "{D019D779-47FD-4502-BC6F-69283B793BF1}"
	ProjectSection(SolutionItems) = preProject
		.NET Core 文件上传.txt = .NET Core 文件上传.txt
		101 LINQ Samples.txt = 101 LINQ Samples.txt
		ABP的WebApi访问控制.txt = ABP的WebApi访问控制.txt
		Config和Mapper.txt = Config和Mapper.txt
		Dapper事务操作.txt = Dapper事务操作.txt
		Dapper分页.txt = Dapper分页.txt
		Dapper分页2.txt = Dapper分页2.txt
		Dapper复杂操作.txt = Dapper复杂操作.txt
		DPII.txt = DPII.txt
		google_fonts.txt = google_fonts.txt
		LastLoginTime.txt = LastLoginTime.txt
		linq_lambda表达式.txt = linq_lambda表达式.txt
		Logger.txt = Logger.txt
		Plugin插件.txt = Plugin插件.txt
		SQL.txt = SQL.txt
		There is no permission.txt = There is no permission.txt
		todo.txt = todo.txt
		WebAPI路径.txt = WebAPI路径.txt
		发布.txt = 发布.txt
		多个DbContext.txt = 多个DbContext.txt
		比对.txt = 比对.txt
		禁止图片缓存.txt = 禁止图片缓存.txt
		耗时监测.txt = 耗时监测.txt
		触发器.txt = 触发器.txt
		运行说明.txt = 运行说明.txt
	EndProjectSection
EndProject
Project("{9A19103F-16F7-4668-BE54-9A1E7A4F7556}") = "SMIC.Util", "src\SMIC.Util\SMIC.Util.csproj", "{7DC90EAE-C1D6-48B2-8908-D713EB509B8D}"
EndProject
Project("{9A19103F-16F7-4668-BE54-9A1E7A4F7556}") = "MyJobPlugIn", "src\MyPlugIns\Background\MyJobPlugIn.csproj", "{134BE8BB-34DA-426F-95D1-A621D33E60B5}"
EndProject
Project("{2150E333-8FDC-42A3-9474-1A3956D46DE8}") = "SMIC.SJCL", "SMIC.SJCL", "{63D2FCF5-7A7E-4E0E-AE1F-C8A3BBA77137}"
EndProject
Project("{9A19103F-16F7-4668-BE54-9A1E7A4F7556}") = "IPlugin", "src\SMIC.SJCL\IPlugin\IPlugin.csproj", "{FE4B07F1-06DE-46C5-A837-5D7ADCAA9ACC}"
EndProject
Project("{9A19103F-16F7-4668-BE54-9A1E7A4F7556}") = "SMIC.SJCL.Common", "src\SMIC.SJCL\SMIC.SJCL.Common\SMIC.SJCL.Common.csproj", "{F9E43469-3851-45DC-BC1C-5A75028198EA}"
EndProject
Project("{9A19103F-16F7-4668-BE54-9A1E7A4F7556}") = "SMIC.SJCL.M01", "src\SMIC.SJCL\Plugins\SMIC.SJCL.M01\SMIC.SJCL.M01.csproj", "{1C0CB6B3-7D2D-4839-8956-5D75737A42AA}"
EndProject
Project("{9A19103F-16F7-4668-BE54-9A1E7A4F7556}") = "SMIC.SJCL.M02", "src\SMIC.SJCL\Plugins\SMIC.SJCL.M02\SMIC.SJCL.M02.csproj", "{C6B24841-2776-4BCC-80E8-FF5AF65D0110}"
EndProject
Project("{9A19103F-16F7-4668-BE54-9A1E7A4F7556}") = "SMIC.SJCL.M03", "src\SMIC.SJCL\Plugins\SMIC.SJCL.M03\SMIC.SJCL.M03.csproj", "{6079B4D0-C610-48D9-AA11-957831C5B0DB}"
EndProject
Project("{9A19103F-16F7-4668-BE54-9A1E7A4F7556}") = "SMIC.SJCL.M04", "src\SMIC.SJCL\Plugins\SMIC.SJCL.M04\SMIC.SJCL.M04.csproj", "{0E1D23D3-1BCD-4040-B3F5-EABF4E7575A5}"
EndProject
Project("{9A19103F-16F7-4668-BE54-9A1E7A4F7556}") = "SMIC.SJCL.M05", "src\SMIC.SJCL\Plugins\SMIC.SJCL.M05\SMIC.SJCL.M05.csproj", "{F771F3FD-69ED-4530-926C-F96B5A445E8A}"
EndProject
Project("{9A19103F-16F7-4668-BE54-9A1E7A4F7556}") = "SMIC.SJCL.M06", "src\SMIC.SJCL\Plugins\SMIC.SJCL.M06\SMIC.SJCL.M06.csproj", "{469BCD28-C14E-4726-B8E8-AC54818BECBC}"
EndProject
Global
	GlobalSection(SolutionConfigurationPlatforms) = preSolution
		Debug|Any CPU = Debug|Any CPU
		Release|Any CPU = Release|Any CPU
	EndGlobalSection
	GlobalSection(ProjectConfigurationPlatforms) = postSolution
		{0FA75A5B-AB83-4FD0-B545-279774C01E87}.Debug|Any CPU.ActiveCfg = Debug|Any CPU
		{0FA75A5B-AB83-4FD0-B545-279774C01E87}.Debug|Any CPU.Build.0 = Debug|Any CPU
		{0FA75A5B-AB83-4FD0-B545-279774C01E87}.Release|Any CPU.ActiveCfg = Release|Any CPU
		{0FA75A5B-AB83-4FD0-B545-279774C01E87}.Release|Any CPU.Build.0 = Release|Any CPU
		{3870C648-4AEA-4B85-BA3F-F2F63B96136A}.Debug|Any CPU.ActiveCfg = Debug|Any CPU
		{3870C648-4AEA-4B85-BA3F-F2F63B96136A}.Debug|Any CPU.Build.0 = Debug|Any CPU
		{3870C648-4AEA-4B85-BA3F-F2F63B96136A}.Release|Any CPU.ActiveCfg = Release|Any CPU
		{3870C648-4AEA-4B85-BA3F-F2F63B96136A}.Release|Any CPU.Build.0 = Release|Any CPU
		{0D4C5D00-C144-4213-A007-4B8944113AB1}.Debug|Any CPU.ActiveCfg = Debug|Any CPU
		{0D4C5D00-C144-4213-A007-4B8944113AB1}.Debug|Any CPU.Build.0 = Debug|Any CPU
		{0D4C5D00-C144-4213-A007-4B8944113AB1}.Release|Any CPU.ActiveCfg = Release|Any CPU
		{0D4C5D00-C144-4213-A007-4B8944113AB1}.Release|Any CPU.Build.0 = Release|Any CPU
		{880B3591-E057-46FE-B525-10BD83828B93}.Debug|Any CPU.ActiveCfg = Debug|Any CPU
		{880B3591-E057-46FE-B525-10BD83828B93}.Debug|Any CPU.Build.0 = Debug|Any CPU
		{880B3591-E057-46FE-B525-10BD83828B93}.Release|Any CPU.ActiveCfg = Release|Any CPU
		{880B3591-E057-46FE-B525-10BD83828B93}.Release|Any CPU.Build.0 = Release|Any CPU
		{38E184BD-E874-4633-A947-AED4FDB73F40}.Debug|Any CPU.ActiveCfg = Debug|Any CPU
		{38E184BD-E874-4633-A947-AED4FDB73F40}.Debug|Any CPU.Build.0 = Debug|Any CPU
		{38E184BD-E874-4633-A947-AED4FDB73F40}.Release|Any CPU.ActiveCfg = Release|Any CPU
		{38E184BD-E874-4633-A947-AED4FDB73F40}.Release|Any CPU.Build.0 = Release|Any CPU
		{22CFE0D2-8DCA-42D7-AD7D-784C3862493F}.Debug|Any CPU.ActiveCfg = Debug|Any CPU
		{22CFE0D2-8DCA-42D7-AD7D-784C3862493F}.Debug|Any CPU.Build.0 = Debug|Any CPU
		{22CFE0D2-8DCA-42D7-AD7D-784C3862493F}.Release|Any CPU.ActiveCfg = Release|Any CPU
		{22CFE0D2-8DCA-42D7-AD7D-784C3862493F}.Release|Any CPU.Build.0 = Release|Any CPU
		{E0580562-F8F2-4EBB-B07A-ABFC6F2C314F}.Debug|Any CPU.ActiveCfg = Debug|Any CPU
		{E0580562-F8F2-4EBB-B07A-ABFC6F2C314F}.Debug|Any CPU.Build.0 = Debug|Any CPU
		{E0580562-F8F2-4EBB-B07A-ABFC6F2C314F}.Release|Any CPU.ActiveCfg = Release|Any CPU
		{E0580562-F8F2-4EBB-B07A-ABFC6F2C314F}.Release|Any CPU.Build.0 = Release|Any CPU
		{7DC90EAE-C1D6-48B2-8908-D713EB509B8D}.Debug|Any CPU.ActiveCfg = Debug|Any CPU
		{7DC90EAE-C1D6-48B2-8908-D713EB509B8D}.Debug|Any CPU.Build.0 = Debug|Any CPU
		{7DC90EAE-C1D6-48B2-8908-D713EB509B8D}.Release|Any CPU.ActiveCfg = Release|Any CPU
		{7DC90EAE-C1D6-48B2-8908-D713EB509B8D}.Release|Any CPU.Build.0 = Release|Any CPU
		{134BE8BB-34DA-426F-95D1-A621D33E60B5}.Debug|Any CPU.ActiveCfg = Debug|Any CPU
		{134BE8BB-34DA-426F-95D1-A621D33E60B5}.Debug|Any CPU.Build.0 = Debug|Any CPU
		{134BE8BB-34DA-426F-95D1-A621D33E60B5}.Release|Any CPU.ActiveCfg = Release|Any CPU
		{134BE8BB-34DA-426F-95D1-A621D33E60B5}.Release|Any CPU.Build.0 = Release|Any CPU
		{FE4B07F1-06DE-46C5-A837-5D7ADCAA9ACC}.Debug|Any CPU.ActiveCfg = Debug|Any CPU
		{FE4B07F1-06DE-46C5-A837-5D7ADCAA9ACC}.Debug|Any CPU.Build.0 = Debug|Any CPU
		{FE4B07F1-06DE-46C5-A837-5D7ADCAA9ACC}.Release|Any CPU.ActiveCfg = Release|Any CPU
		{FE4B07F1-06DE-46C5-A837-5D7ADCAA9ACC}.Release|Any CPU.Build.0 = Release|Any CPU
		{F9E43469-3851-45DC-BC1C-5A75028198EA}.Debug|Any CPU.ActiveCfg = Debug|Any CPU
		{F9E43469-3851-45DC-BC1C-5A75028198EA}.Debug|Any CPU.Build.0 = Debug|Any CPU
		{F9E43469-3851-45DC-BC1C-5A75028198EA}.Release|Any CPU.ActiveCfg = Release|Any CPU
		{F9E43469-3851-45DC-BC1C-5A75028198EA}.Release|Any CPU.Build.0 = Release|Any CPU
		{1C0CB6B3-7D2D-4839-8956-5D75737A42AA}.Debug|Any CPU.ActiveCfg = Debug|Any CPU
		{1C0CB6B3-7D2D-4839-8956-5D75737A42AA}.Debug|Any CPU.Build.0 = Debug|Any CPU
		{1C0CB6B3-7D2D-4839-8956-5D75737A42AA}.Release|Any CPU.ActiveCfg = Release|Any CPU
		{1C0CB6B3-7D2D-4839-8956-5D75737A42AA}.Release|Any CPU.Build.0 = Release|Any CPU
		{C6B24841-2776-4BCC-80E8-FF5AF65D0110}.Debug|Any CPU.ActiveCfg = Debug|Any CPU
		{C6B24841-2776-4BCC-80E8-FF5AF65D0110}.Debug|Any CPU.Build.0 = Debug|Any CPU
		{C6B24841-2776-4BCC-80E8-FF5AF65D0110}.Release|Any CPU.ActiveCfg = Release|Any CPU
		{C6B24841-2776-4BCC-80E8-FF5AF65D0110}.Release|Any CPU.Build.0 = Release|Any CPU
		{6079B4D0-C610-48D9-AA11-957831C5B0DB}.Debug|Any CPU.ActiveCfg = Debug|Any CPU
		{6079B4D0-C610-48D9-AA11-957831C5B0DB}.Debug|Any CPU.Build.0 = Debug|Any CPU
		{6079B4D0-C610-48D9-AA11-957831C5B0DB}.Release|Any CPU.ActiveCfg = Release|Any CPU
		{6079B4D0-C610-48D9-AA11-957831C5B0DB}.Release|Any CPU.Build.0 = Release|Any CPU
		{0E1D23D3-1BCD-4040-B3F5-EABF4E7575A5}.Debug|Any CPU.ActiveCfg = Debug|Any CPU
		{0E1D23D3-1BCD-4040-B3F5-EABF4E7575A5}.Debug|Any CPU.Build.0 = Debug|Any CPU
		{0E1D23D3-1BCD-4040-B3F5-EABF4E7575A5}.Release|Any CPU.ActiveCfg = Release|Any CPU
		{0E1D23D3-1BCD-4040-B3F5-EABF4E7575A5}.Release|Any CPU.Build.0 = Release|Any CPU
		{F771F3FD-69ED-4530-926C-F96B5A445E8A}.Debug|Any CPU.ActiveCfg = Debug|Any CPU
		{F771F3FD-69ED-4530-926C-F96B5A445E8A}.Debug|Any CPU.Build.0 = Debug|Any CPU
		{F771F3FD-69ED-4530-926C-F96B5A445E8A}.Release|Any CPU.ActiveCfg = Release|Any CPU
		{F771F3FD-69ED-4530-926C-F96B5A445E8A}.Release|Any CPU.Build.0 = Release|Any CPU
		{469BCD28-C14E-4726-B8E8-AC54818BECBC}.Debug|Any CPU.ActiveCfg = Debug|Any CPU
		{469BCD28-C14E-4726-B8E8-AC54818BECBC}.Debug|Any CPU.Build.0 = Debug|Any CPU
		{469BCD28-C14E-4726-B8E8-AC54818BECBC}.Release|Any CPU.ActiveCfg = Release|Any CPU
		{469BCD28-C14E-4726-B8E8-AC54818BECBC}.Release|Any CPU.Build.0 = Release|Any CPU
	EndGlobalSection
	GlobalSection(SolutionProperties) = preSolution
		HideSolutionNode = FALSE
	EndGlobalSection
	GlobalSection(NestedProjects) = preSolution
		{0FA75A5B-AB83-4FD0-B545-279774C01E87} = {AFAA0841-BD93-466F-B8F4-FB4EEC86F1FC}
		{3870C648-4AEA-4B85-BA3F-F2F63B96136A} = {AFAA0841-BD93-466F-B8F4-FB4EEC86F1FC}
		{0D4C5D00-C144-4213-A007-4B8944113AB1} = {F10AA149-2626-486E-85BB-9CD5365F3016}
		{880B3591-E057-46FE-B525-10BD83828B93} = {AFAA0841-BD93-466F-B8F4-FB4EEC86F1FC}
		{38E184BD-E874-4633-A947-AED4FDB73F40} = {AFAA0841-BD93-466F-B8F4-FB4EEC86F1FC}
		{22CFE0D2-8DCA-42D7-AD7D-784C3862493F} = {AFAA0841-BD93-466F-B8F4-FB4EEC86F1FC}
		{E0580562-F8F2-4EBB-B07A-ABFC6F2C314F} = {AFAA0841-BD93-466F-B8F4-FB4EEC86F1FC}
		{7DC90EAE-C1D6-48B2-8908-D713EB509B8D} = {AFAA0841-BD93-466F-B8F4-FB4EEC86F1FC}
		{63D2FCF5-7A7E-4E0E-AE1F-C8A3BBA77137} = {AFAA0841-BD93-466F-B8F4-FB4EEC86F1FC}
		{FE4B07F1-06DE-46C5-A837-5D7ADCAA9ACC} = {63D2FCF5-7A7E-4E0E-AE1F-C8A3BBA77137}
		{F9E43469-3851-45DC-BC1C-5A75028198EA} = {63D2FCF5-7A7E-4E0E-AE1F-C8A3BBA77137}
		{1C0CB6B3-7D2D-4839-8956-5D75737A42AA} = {63D2FCF5-7A7E-4E0E-AE1F-C8A3BBA77137}
		{C6B24841-2776-4BCC-80E8-FF5AF65D0110} = {63D2FCF5-7A7E-4E0E-AE1F-C8A3BBA77137}
		{6079B4D0-C610-48D9-AA11-957831C5B0DB} = {63D2FCF5-7A7E-4E0E-AE1F-C8A3BBA77137}
		{0E1D23D3-1BCD-4040-B3F5-EABF4E7575A5} = {63D2FCF5-7A7E-4E0E-AE1F-C8A3BBA77137}
		{F771F3FD-69ED-4530-926C-F96B5A445E8A} = {63D2FCF5-7A7E-4E0E-AE1F-C8A3BBA77137}
		{469BCD28-C14E-4726-B8E8-AC54818BECBC} = {63D2FCF5-7A7E-4E0E-AE1F-C8A3BBA77137}
	EndGlobalSection
	GlobalSection(ExtensibilityGlobals) = postSolution
		SolutionGuid = {5E08878C-E2B6-46B1-9A06-3170F3499A4D}
	EndGlobalSection
EndGlobal
